
Microsoft Visual Studio Solution File, Format Version 12.00
# Visual Studio Version 17
VisualStudioVersion = 17.0.32014.148
MinimumVisualStudioVersion = 10.0.40219.1
Project("{9A19103F-16F7-4668-BE54-9A1E7A4F7556}") = "Project", "Project\Project.csproj", "{6C3CD82C-83CB-4543-AC1E-055B9AA15FD2}"
EndProject
Global
	GlobalSection(SolutionConfigurationPlatforms) = preSolution
		Debug|Any CPU = Debug|Any CPU
		Release|Any CPU = Release|Any CPU
	EndGlobalSection
	GlobalSection(ProjectConfigurationPlatforms) = postSolution
		{6C3CD82C-83CB-4543-AC1E-055B9AA15FD2}.Debug|Any CPU.ActiveCfg = Debug|Any CPU
		{6C3CD82C-83CB-4543-AC1E-055B9AA15FD2}.Debug|Any CPU.Build.0 = Debug|Any CPU
		{6C3CD82C-83CB-4543-AC1E-055B9AA15FD2}.Release|Any CPU.ActiveCfg = Release|Any CPU
		{6C3CD82C-83CB-4543-AC1E-055B9AA15FD2}.Release|Any CPU.Build.0 = Release|Any CPU
	EndGlobalSection
	GlobalSection(SolutionProperties) = preSolution
		HideSolutionNode = FALSE
	EndGlobalSection
	GlobalSection(ExtensibilityGlobals) = postSolution
		SolutionGuid = {96F639B0-575C-4632-9EFB-73A48D58ACA0}
	EndGlobalSection
EndGlobal
